
Microsoft Visual Studio Solution File, Format Version 12.00
# Visual Studio Version 17
VisualStudioVersion = 17.1.32407.343
MinimumVisualStudioVersion = 10.0.40219.1
Project("{FAE04EC0-301F-11D3-BF4B-00C04F79EFBC}") = "Unknown Worlds of Knowledge server", "Unknown Worlds of Knowledge server.csproj", "{334D2D7D-C651-4D1D-8BA2-04E85E4B3A95}"
EndProject
Global
	GlobalSection(SolutionConfigurationPlatforms) = preSolution
		Debug|Any CPU = Debug|Any CPU
		Release|Any CPU = Release|Any CPU
	EndGlobalSection
	GlobalSection(ProjectConfigurationPlatforms) = postSolution
		{334D2D7D-C651-4D1D-8BA2-04E85E4B3A95}.Debug|Any CPU.ActiveCfg = Debug|Any CPU
		{334D2D7D-C651-4D1D-8BA2-04E85E4B3A95}.Debug|Any CPU.Build.0 = Debug|Any CPU
		{334D2D7D-C651-4D1D-8BA2-04E85E4B3A95}.Release|Any CPU.ActiveCfg = Release|Any CPU
		{334D2D7D-C651-4D1D-8BA2-04E85E4B3A95}.Release|Any CPU.Build.0 = Release|Any CPU
	EndGlobalSection
	GlobalSection(SolutionProperties) = preSolution
		HideSolutionNode = FALSE
	EndGlobalSection
	GlobalSection(ExtensibilityGlobals) = postSolution
		SolutionGuid = {BC95924E-849A-4DE2-8221-BE20CD7C8F82}
	EndGlobalSection
EndGlobal
